
Microsoft Visual Studio Solution File, Format Version 12.00
# Visual Studio Version 16
VisualStudioVersion = 16.0.31025.194
MinimumVisualStudioVersion = 10.0.40219.1
Project("{FAE04EC0-301F-11D3-BF4B-00C04F79EFBC}") = "git_repo_project", "git_repo_project\git_repo_project.csproj", "{9751B6CE-D1BB-41F8-A2CD-403F35A300BC}"
EndProject
Global
	GlobalSection(SolutionConfigurationPlatforms) = preSolution
		Debug|Any CPU = Debug|Any CPU
		Release|Any CPU = Release|Any CPU
	EndGlobalSection
	GlobalSection(ProjectConfigurationPlatforms) = postSolution
		{9751B6CE-D1BB-41F8-A2CD-403F35A300BC}.Debug|Any CPU.ActiveCfg = Debug|Any CPU
		{9751B6CE-D1BB-41F8-A2CD-403F35A300BC}.Debug|Any CPU.Build.0 = Debug|Any CPU
		{9751B6CE-D1BB-41F8-A2CD-403F35A300BC}.Release|Any CPU.ActiveCfg = Release|Any CPU
		{9751B6CE-D1BB-41F8-A2CD-403F35A300BC}.Release|Any CPU.Build.0 = Release|Any CPU
	EndGlobalSection
	GlobalSection(SolutionProperties) = preSolution
		HideSolutionNode = FALSE
	EndGlobalSection
	GlobalSection(ExtensibilityGlobals) = postSolution
		SolutionGuid = {13DEEA64-CC76-4602-BDEF-D25F654CD91B}
	EndGlobalSection
EndGlobal
